
Microsoft Visual Studio Solution File, Format Version 12.00
# Visual Studio 15
VisualStudioVersion = 15.0.26730.16
MinimumVisualStudioVersion = 10.0.40219.1
Project("{FAE04EC0-301F-11D3-BF4B-00C04F79EFBC}") = "RSA", "RSA\RSA.csproj", "{94BC8BBA-E5EE-4687-83C9-C293FC76FC66}"
EndProject
Global
	GlobalSection(SolutionConfigurationPlatforms) = preSolution
		Debug|Any CPU = Debug|Any CPU
		Release|Any CPU = Release|Any CPU
	EndGlobalSection
	GlobalSection(ProjectConfigurationPlatforms) = postSolution
		{94BC8BBA-E5EE-4687-83C9-C293FC76FC66}.Debug|Any CPU.ActiveCfg = Debug|Any CPU
		{94BC8BBA-E5EE-4687-83C9-C293FC76FC66}.Debug|Any CPU.Build.0 = Debug|Any CPU
		{94BC8BBA-E5EE-4687-83C9-C293FC76FC66}.Release|Any CPU.ActiveCfg = Release|Any CPU
		{94BC8BBA-E5EE-4687-83C9-C293FC76FC66}.Release|Any CPU.Build.0 = Release|Any CPU
	EndGlobalSection
	GlobalSection(SolutionProperties) = preSolution
		HideSolutionNode = FALSE
	EndGlobalSection
	GlobalSection(ExtensibilityGlobals) = postSolution
		SolutionGuid = {C70480D4-9ED3-4B0C-8682-DF9CDA573ECF}
	EndGlobalSection
EndGlobal
